
Microsoft Visual Studio Solution File, Format Version 12.00
# Visual Studio Version 17
VisualStudioVersion = 17.7.34202.233
MinimumVisualStudioVersion = 10.0.40219.1
Project("{8BC9CEB8-8B4A-11D0-8D11-00A0C91BC942}") = "PR6_1_it", "PR6_1_it\PR6_1_it.vcxproj", "{C3C18AB0-3513-418E-A6D1-F304E70B9163}"
EndProject
Project("{8BC9CEB8-8B4A-11D0-8D11-00A0C91BC942}") = "UnitTest6_1_it", "UnitTest6_1_it\UnitTest6_1_it.vcxproj", "{354A84BF-11BA-4535-8BBF-675DBC7390EC}"
EndProject
Project("{8BC9CEB8-8B4A-11D0-8D11-00A0C91BC942}") = "PR6_1_rec", "PR6_1_rec\PR6_1_rec.vcxproj", "{9329D994-6917-4EE8-83B6-0A5DB78344EA}"
EndProject
Project("{8BC9CEB8-8B4A-11D0-8D11-00A0C91BC942}") = "UnitTest6_1_rec", "UnitTest6_1_rec\UnitTest6_1_rec.vcxproj", "{405CBFB9-9392-4D8B-A0D8-7669D3E36A26}"
EndProject
Project("{8BC9CEB8-8B4A-11D0-8D11-00A0C91BC942}") = "PR6_2_it", "PR6_2_it\PR6_2_it.vcxproj", "{B227D0A6-59A8-4549-AA0E-E93724054139}"
EndProject
Project("{8BC9CEB8-8B4A-11D0-8D11-00A0C91BC942}") = "PR6_2_rec", "PR6_2_rec\PR6_2_rec.vcxproj", "{C7EE717D-6531-4F67-B70E-CA9F68FED856}"
EndProject
Project("{8BC9CEB8-8B4A-11D0-8D11-00A0C91BC942}") = "PR6_3_it", "PR6_3_it\PR6_3_it.vcxproj", "{D2E7FB80-135B-447F-97BA-C8A45FC6EBF2}"
EndProject
Project("{8BC9CEB8-8B4A-11D0-8D11-00A0C91BC942}") = "PR6_3_rec", "PR6_3_rec\PR6_3_rec.vcxproj", "{29302728-109F-4AD5-827C-6624C57139D8}"
EndProject
Project("{8BC9CEB8-8B4A-11D0-8D11-00A0C91BC942}") = "PR6_4_it", "PR6_4_it\PR6_4_it.vcxproj", "{D0E628BF-75C1-4F65-91C2-F482F0A44D22}"
EndProject
Project("{8BC9CEB8-8B4A-11D0-8D11-00A0C91BC942}") = "PR6_4_rec", "PR6_4_rec\PR6_4_rec.vcxproj", "{735C415F-C77F-435C-A28A-4145213A5101}"
EndProject
Project("{8BC9CEB8-8B4A-11D0-8D11-00A0C91BC942}") = "UnitTest6_2_it", "UnitTest6_2_it\UnitTest6_2_it.vcxproj", "{934056A0-DAD3-4DAF-8536-BEACF8BF79B8}"
EndProject
Project("{8BC9CEB8-8B4A-11D0-8D11-00A0C91BC942}") = "UnitTest6_2_rec", "UnitTest6_2_rec\UnitTest6_2_rec.vcxproj", "{2FD19607-DF33-4279-938F-06D14F00D694}"
EndProject
Project("{8BC9CEB8-8B4A-11D0-8D11-00A0C91BC942}") = "UnitTest6_3_it", "UnitTest6_3_it\UnitTest6_3_it.vcxproj", "{B07A9AD6-7070-499C-BF04-7D6F4B075880}"
EndProject
Project("{8BC9CEB8-8B4A-11D0-8D11-00A0C91BC942}") = "UnitTest6_3_rec", "UnitTest6_3_rec\UnitTest6_3_rec.vcxproj", "{6A019B1A-B50D-4328-9B89-0B1E079C7D02}"
EndProject
Project("{8BC9CEB8-8B4A-11D0-8D11-00A0C91BC942}") = "UnitTest6_4_it", "UnitTest6_4_it\UnitTest6_4_it.vcxproj", "{3945A531-90BF-4F0C-ABEE-7BD10E27FB21}"
EndProject
Project("{8BC9CEB8-8B4A-11D0-8D11-00A0C91BC942}") = "UnitTest6_4_rec", "UnitTest6_4_rec\UnitTest6_4_rec.vcxproj", "{697B0002-C511-45D8-A1B6-E8D5E8571E33}"
EndProject
Global
	GlobalSection(SolutionConfigurationPlatforms) = preSolution
		Debug|x64 = Debug|x64
		Debug|x86 = Debug|x86
		Release|x64 = Release|x64
		Release|x86 = Release|x86
	EndGlobalSection
	GlobalSection(ProjectConfigurationPlatforms) = postSolution
		{C3C18AB0-3513-418E-A6D1-F304E70B9163}.Debug|x64.ActiveCfg = Debug|x64
		{C3C18AB0-3513-418E-A6D1-F304E70B9163}.Debug|x64.Build.0 = Debug|x64
		{C3C18AB0-3513-418E-A6D1-F304E70B9163}.Debug|x86.ActiveCfg = Debug|Win32
		{C3C18AB0-3513-418E-A6D1-F304E70B9163}.Debug|x86.Build.0 = Debug|Win32
		{C3C18AB0-3513-418E-A6D1-F304E70B9163}.Release|x64.ActiveCfg = Release|x64
		{C3C18AB0-3513-418E-A6D1-F304E70B9163}.Release|x64.Build.0 = Release|x64
		{C3C18AB0-3513-418E-A6D1-F304E70B9163}.Release|x86.ActiveCfg = Release|Win32
		{C3C18AB0-3513-418E-A6D1-F304E70B9163}.Release|x86.Build.0 = Release|Win32
		{354A84BF-11BA-4535-8BBF-675DBC7390EC}.Debug|x64.ActiveCfg = Debug|x64
		{354A84BF-11BA-4535-8BBF-675DBC7390EC}.Debug|x64.Build.0 = Debug|x64
		{354A84BF-11BA-4535-8BBF-675DBC7390EC}.Debug|x86.ActiveCfg = Debug|Win32
		{354A84BF-11BA-4535-8BBF-675DBC7390EC}.Debug|x86.Build.0 = Debug|Win32
		{354A84BF-11BA-4535-8BBF-675DBC7390EC}.Release|x64.ActiveCfg = Release|x64
		{354A84BF-11BA-4535-8BBF-675DBC7390EC}.Release|x64.Build.0 = Release|x64
		{354A84BF-11BA-4535-8BBF-675DBC7390EC}.Release|x86.ActiveCfg = Release|Win32
		{354A84BF-11BA-4535-8BBF-675DBC7390EC}.Release|x86.Build.0 = Release|Win32
		{9329D994-6917-4EE8-83B6-0A5DB78344EA}.Debug|x64.ActiveCfg = Debug|x64
		{9329D994-6917-4EE8-83B6-0A5DB78344EA}.Debug|x64.Build.0 = Debug|x64
		{9329D994-6917-4EE8-83B6-0A5DB78344EA}.Debug|x86.ActiveCfg = Debug|Win32
		{9329D994-6917-4EE8-83B6-0A5DB78344EA}.Debug|x86.Build.0 = Debug|Win32
		{9329D994-6917-4EE8-83B6-0A5DB78344EA}.Release|x64.ActiveCfg = Release|x64
		{9329D994-6917-4EE8-83B6-0A5DB78344EA}.Release|x64.Build.0 = Release|x64
		{9329D994-6917-4EE8-83B6-0A5DB78344EA}.Release|x86.ActiveCfg = Release|Win32
		{9329D994-6917-4EE8-83B6-0A5DB78344EA}.Release|x86.Build.0 = Release|Win32
		{405CBFB9-9392-4D8B-A0D8-7669D3E36A26}.Debug|x64.ActiveCfg = Debug|x64
		{405CBFB9-9392-4D8B-A0D8-7669D3E36A26}.Debug|x64.Build.0 = Debug|x64
		{405CBFB9-9392-4D8B-A0D8-7669D3E36A26}.Debug|x86.ActiveCfg = Debug|Win32
		{405CBFB9-9392-4D8B-A0D8-7669D3E36A26}.Debug|x86.Build.0 = Debug|Win32
		{405CBFB9-9392-4D8B-A0D8-7669D3E36A26}.Release|x64.ActiveCfg = Release|x64
		{405CBFB9-9392-4D8B-A0D8-7669D3E36A26}.Release|x64.Build.0 = Release|x64
		{405CBFB9-9392-4D8B-A0D8-7669D3E36A26}.Release|x86.ActiveCfg = Release|Win32
		{405CBFB9-9392-4D8B-A0D8-7669D3E36A26}.Release|x86.Build.0 = Release|Win32
		{B227D0A6-59A8-4549-AA0E-E93724054139}.Debug|x64.ActiveCfg = Debug|x64
		{B227D0A6-59A8-4549-AA0E-E93724054139}.Debug|x64.Build.0 = Debug|x64
		{B227D0A6-59A8-4549-AA0E-E93724054139}.Debug|x86.ActiveCfg = Debug|Win32
		{B227D0A6-59A8-4549-AA0E-E93724054139}.Debug|x86.Build.0 = Debug|Win32
		{B227D0A6-59A8-4549-AA0E-E93724054139}.Release|x64.ActiveCfg = Release|x64
		{B227D0A6-59A8-4549-AA0E-E93724054139}.Release|x64.Build.0 = Release|x64
		{B227D0A6-59A8-4549-AA0E-E93724054139}.Release|x86.ActiveCfg = Release|Win32
		{B227D0A6-59A8-4549-AA0E-E93724054139}.Release|x86.Build.0 = Release|Win32
		{C7EE717D-6531-4F67-B70E-CA9F68FED856}.Debug|x64.ActiveCfg = Debug|x64
		{C7EE717D-6531-4F67-B70E-CA9F68FED856}.Debug|x64.Build.0 = Debug|x64
		{C7EE717D-6531-4F67-B70E-CA9F68FED856}.Debug|x86.ActiveCfg = Debug|Win32
		{C7EE717D-6531-4F67-B70E-CA9F68FED856}.Debug|x86.Build.0 = Debug|Win32
		{C7EE717D-6531-4F67-B70E-CA9F68FED856}.Release|x64.ActiveCfg = Release|x64
		{C7EE717D-6531-4F67-B70E-CA9F68FED856}.Release|x64.Build.0 = Release|x64
		{C7EE717D-6531-4F67-B70E-CA9F68FED856}.Release|x86.ActiveCfg = Release|Win32
		{C7EE717D-6531-4F67-B70E-CA9F68FED856}.Release|x86.Build.0 = Release|Win32
		{D2E7FB80-135B-447F-97BA-C8A45FC6EBF2}.Debug|x64.ActiveCfg = Debug|x64
		{D2E7FB80-135B-447F-97BA-C8A45FC6EBF2}.Debug|x64.Build.0 = Debug|x64
		{D2E7FB80-135B-447F-97BA-C8A45FC6EBF2}.Debug|x86.ActiveCfg = Debug|Win32
		{D2E7FB80-135B-447F-97BA-C8A45FC6EBF2}.Debug|x86.Build.0 = Debug|Win32
		{D2E7FB80-135B-447F-97BA-C8A45FC6EBF2}.Release|x64.ActiveCfg = Release|x64
		{D2E7FB80-135B-447F-97BA-C8A45FC6EBF2}.Release|x64.Build.0 = Release|x64
		{D2E7FB80-135B-447F-97BA-C8A45FC6EBF2}.Release|x86.ActiveCfg = Release|Win32
		{D2E7FB80-135B-447F-97BA-C8A45FC6EBF2}.Release|x86.Build.0 = Release|Win32
		{29302728-109F-4AD5-827C-6624C57139D8}.Debug|x64.ActiveCfg = Debug|x64
		{29302728-109F-4AD5-827C-6624C57139D8}.Debug|x64.Build.0 = Debug|x64
		{29302728-109F-4AD5-827C-6624C57139D8}.Debug|x86.ActiveCfg = Debug|Win32
		{29302728-109F-4AD5-827C-6624C57139D8}.Debug|x86.Build.0 = Debug|Win32
		{29302728-109F-4AD5-827C-6624C57139D8}.Release|x64.ActiveCfg = Release|x64
		{29302728-109F-4AD5-827C-6624C57139D8}.Release|x64.Build.0 = Release|x64
		{29302728-109F-4AD5-827C-6624C57139D8}.Release|x86.ActiveCfg = Release|Win32
		{29302728-109F-4AD5-827C-6624C57139D8}.Release|x86.Build.0 = Release|Win32
		{D0E628BF-75C1-4F65-91C2-F482F0A44D22}.Debug|x64.ActiveCfg = Debug|x64
		{D0E628BF-75C1-4F65-91C2-F482F0A44D22}.Debug|x64.Build.0 = Debug|x64
		{D0E628BF-75C1-4F65-91C2-F482F0A44D22}.Debug|x86.ActiveCfg = Debug|Win32
		{D0E628BF-75C1-4F65-91C2-F482F0A44D22}.Debug|x86.Build.0 = Debug|Win32
		{D0E628BF-75C1-4F65-91C2-F482F0A44D22}.Release|x64.ActiveCfg = Release|x64
		{D0E628BF-75C1-4F65-91C2-F482F0A44D22}.Release|x64.Build.0 = Release|x64
		{D0E628BF-75C1-4F65-91C2-F482F0A44D22}.Release|x86.ActiveCfg = Release|Win32
		{D0E628BF-75C1-4F65-91C2-F482F0A44D22}.Release|x86.Build.0 = Release|Win32
		{735C415F-C77F-435C-A28A-4145213A5101}.Debug|x64.ActiveCfg = Debug|x64
		{735C415F-C77F-435C-A28A-4145213A5101}.Debug|x64.Build.0 = Debug|x64
		{735C415F-C77F-435C-A28A-4145213A5101}.Debug|x86.ActiveCfg = Debug|Win32
		{735C415F-C77F-435C-A28A-4145213A5101}.Debug|x86.Build.0 = Debug|Win32
		{735C415F-C77F-435C-A28A-4145213A5101}.Release|x64.ActiveCfg = Release|x64
		{735C415F-C77F-435C-A28A-4145213A5101}.Release|x64.Build.0 = Release|x64
		{735C415F-C77F-435C-A28A-4145213A5101}.Release|x86.ActiveCfg = Release|Win32
		{735C415F-C77F-435C-A28A-4145213A5101}.Release|x86.Build.0 = Release|Win32
		{934056A0-DAD3-4DAF-8536-BEACF8BF79B8}.Debug|x64.ActiveCfg = Debug|x64
		{934056A0-DAD3-4DAF-8536-BEACF8BF79B8}.Debug|x64.Build.0 = Debug|x64
		{934056A0-DAD3-4DAF-8536-BEACF8BF79B8}.Debug|x86.ActiveCfg = Debug|Win32
		{934056A0-DAD3-4DAF-8536-BEACF8BF79B8}.Debug|x86.Build.0 = Debug|Win32
		{934056A0-DAD3-4DAF-8536-BEACF8BF79B8}.Release|x64.ActiveCfg = Release|x64
		{934056A0-DAD3-4DAF-8536-BEACF8BF79B8}.Release|x64.Build.0 = Release|x64
		{934056A0-DAD3-4DAF-8536-BEACF8BF79B8}.Release|x86.ActiveCfg = Release|Win32
		{934056A0-DAD3-4DAF-8536-BEACF8BF79B8}.Release|x86.Build.0 = Release|Win32
		{2FD19607-DF33-4279-938F-06D14F00D694}.Debug|x64.ActiveCfg = Debug|x64
		{2FD19607-DF33-4279-938F-06D14F00D694}.Debug|x64.Build.0 = Debug|x64
		{2FD19607-DF33-4279-938F-06D14F00D694}.Debug|x86.ActiveCfg = Debug|Win32
		{2FD19607-DF33-4279-938F-06D14F00D694}.Debug|x86.Build.0 = Debug|Win32
		{2FD19607-DF33-4279-938F-06D14F00D694}.Release|x64.ActiveCfg = Release|x64
		{2FD19607-DF33-4279-938F-06D14F00D694}.Release|x64.Build.0 = Release|x64
		{2FD19607-DF33-4279-938F-06D14F00D694}.Release|x86.ActiveCfg = Release|Win32
		{2FD19607-DF33-4279-938F-06D14F00D694}.Release|x86.Build.0 = Release|Win32
		{B07A9AD6-7070-499C-BF04-7D6F4B075880}.Debug|x64.ActiveCfg = Debug|x64
		{B07A9AD6-7070-499C-BF04-7D6F4B075880}.Debug|x64.Build.0 = Debug|x64
		{B07A9AD6-7070-499C-BF04-7D6F4B075880}.Debug|x86.ActiveCfg = Debug|Win32
		{B07A9AD6-7070-499C-BF04-7D6F4B075880}.Debug|x86.Build.0 = Debug|Win32
		{B07A9AD6-7070-499C-BF04-7D6F4B075880}.Release|x64.ActiveCfg = Release|x64
		{B07A9AD6-7070-499C-BF04-7D6F4B075880}.Release|x64.Build.0 = Release|x64
		{B07A9AD6-7070-499C-BF04-7D6F4B075880}.Release|x86.ActiveCfg = Release|Win32
		{B07A9AD6-7070-499C-BF04-7D6F4B075880}.Release|x86.Build.0 = Release|Win32
		{6A019B1A-B50D-4328-9B89-0B1E079C7D02}.Debug|x64.ActiveCfg = Debug|x64
		{6A019B1A-B50D-4328-9B89-0B1E079C7D02}.Debug|x64.Build.0 = Debug|x64
		{6A019B1A-B50D-4328-9B89-0B1E079C7D02}.Debug|x86.ActiveCfg = Debug|Win32
		{6A019B1A-B50D-4328-9B89-0B1E079C7D02}.Debug|x86.Build.0 = Debug|Win32
		{6A019B1A-B50D-4328-9B89-0B1E079C7D02}.Release|x64.ActiveCfg = Release|x64
		{6A019B1A-B50D-4328-9B89-0B1E079C7D02}.Release|x64.Build.0 = Release|x64
		{6A019B1A-B50D-4328-9B89-0B1E079C7D02}.Release|x86.ActiveCfg = Release|Win32
		{6A019B1A-B50D-4328-9B89-0B1E079C7D02}.Release|x86.Build.0 = Release|Win32
		{3945A531-90BF-4F0C-ABEE-7BD10E27FB21}.Debug|x64.ActiveCfg = Debug|x64
		{3945A531-90BF-4F0C-ABEE-7BD10E27FB21}.Debug|x64.Build.0 = Debug|x64
		{3945A531-90BF-4F0C-ABEE-7BD10E27FB21}.Debug|x86.ActiveCfg = Debug|Win32
		{3945A531-90BF-4F0C-ABEE-7BD10E27FB21}.Debug|x86.Build.0 = Debug|Win32
		{3945A531-90BF-4F0C-ABEE-7BD10E27FB21}.Release|x64.ActiveCfg = Release|x64
		{3945A531-90BF-4F0C-ABEE-7BD10E27FB21}.Release|x64.Build.0 = Release|x64
		{3945A531-90BF-4F0C-ABEE-7BD10E27FB21}.Release|x86.ActiveCfg = Release|Win32
		{3945A531-90BF-4F0C-ABEE-7BD10E27FB21}.Release|x86.Build.0 = Release|Win32
		{697B0002-C511-45D8-A1B6-E8D5E8571E33}.Debug|x64.ActiveCfg = Debug|x64
		{697B0002-C511-45D8-A1B6-E8D5E8571E33}.Debug|x64.Build.0 = Debug|x64
		{697B0002-C511-45D8-A1B6-E8D5E8571E33}.Debug|x86.ActiveCfg = Debug|Win32
		{697B0002-C511-45D8-A1B6-E8D5E8571E33}.Debug|x86.Build.0 = Debug|Win32
		{697B0002-C511-45D8-A1B6-E8D5E8571E33}.Release|x64.ActiveCfg = Release|x64
		{697B0002-C511-45D8-A1B6-E8D5E8571E33}.Release|x64.Build.0 = Release|x64
		{697B0002-C511-45D8-A1B6-E8D5E8571E33}.Release|x86.ActiveCfg = Release|Win32
		{697B0002-C511-45D8-A1B6-E8D5E8571E33}.Release|x86.Build.0 = Release|Win32
	EndGlobalSection
	GlobalSection(SolutionProperties) = preSolution
		HideSolutionNode = FALSE
	EndGlobalSection
	GlobalSection(ExtensibilityGlobals) = postSolution
		SolutionGuid = {B1552B11-B3EA-4F57-A561-93BA66947135}
	EndGlobalSection
EndGlobal
